
Microsoft Visual Studio Solution File, Format Version 12.00
# Visual Studio 15
VisualStudioVersion = 15.0.27428.1
MinimumVisualStudioVersion = 10.0.40219.1
Project("{FAE04EC0-301F-11D3-BF4B-00C04F79EFBC}") = "02.04.2019_ND", "02.04.2019_ND\02.04.2019_ND.csproj", "{8497064D-E404-4194-92A4-4EBFA95A09B9}"
EndProject
Global
	GlobalSection(SolutionConfigurationPlatforms) = preSolution
		Debug|Any CPU = Debug|Any CPU
		Release|Any CPU = Release|Any CPU
	EndGlobalSection
	GlobalSection(ProjectConfigurationPlatforms) = postSolution
		{8497064D-E404-4194-92A4-4EBFA95A09B9}.Debug|Any CPU.ActiveCfg = Debug|Any CPU
		{8497064D-E404-4194-92A4-4EBFA95A09B9}.Debug|Any CPU.Build.0 = Debug|Any CPU
		{8497064D-E404-4194-92A4-4EBFA95A09B9}.Release|Any CPU.ActiveCfg = Release|Any CPU
		{8497064D-E404-4194-92A4-4EBFA95A09B9}.Release|Any CPU.Build.0 = Release|Any CPU
	EndGlobalSection
	GlobalSection(SolutionProperties) = preSolution
		HideSolutionNode = FALSE
	EndGlobalSection
	GlobalSection(ExtensibilityGlobals) = postSolution
		SolutionGuid = {A735F56F-FF4F-498A-9164-4785B7A0C31D}
	EndGlobalSection
EndGlobal
